
Microsoft Visual Studio Solution File, Format Version 12.00
# Visual Studio 15
VisualStudioVersion = 15.0.27703.2000
MinimumVisualStudioVersion = 10.0.40219.1
Project("{8BC9CEB8-8B4A-11D0-8D11-00A0C91BC942}") = "Project3", "Project3\Project3.vcxproj", "{B8E3980B-AFA0-4492-BA37-38995C47FF01}"
EndProject
Global
	GlobalSection(SolutionConfigurationPlatforms) = preSolution
		Debug|x64 = Debug|x64
		Debug|x86 = Debug|x86
		Release|x64 = Release|x64
		Release|x86 = Release|x86
	EndGlobalSection
	GlobalSection(ProjectConfigurationPlatforms) = postSolution
		{B8E3980B-AFA0-4492-BA37-38995C47FF01}.Debug|x64.ActiveCfg = Debug|x64
		{B8E3980B-AFA0-4492-BA37-38995C47FF01}.Debug|x64.Build.0 = Debug|x64
		{B8E3980B-AFA0-4492-BA37-38995C47FF01}.Debug|x86.ActiveCfg = Debug|Win32
		{B8E3980B-AFA0-4492-BA37-38995C47FF01}.Debug|x86.Build.0 = Debug|Win32
		{B8E3980B-AFA0-4492-BA37-38995C47FF01}.Release|x64.ActiveCfg = Release|x64
		{B8E3980B-AFA0-4492-BA37-38995C47FF01}.Release|x64.Build.0 = Release|x64
		{B8E3980B-AFA0-4492-BA37-38995C47FF01}.Release|x86.ActiveCfg = Release|Win32
		{B8E3980B-AFA0-4492-BA37-38995C47FF01}.Release|x86.Build.0 = Release|Win32
	EndGlobalSection
	GlobalSection(SolutionProperties) = preSolution
		HideSolutionNode = FALSE
	EndGlobalSection
	GlobalSection(ExtensibilityGlobals) = postSolution
		SolutionGuid = {5CAEA53F-3C79-497E-AF9E-825355AB9301}
	EndGlobalSection
EndGlobal
